
Microsoft Visual Studio Solution File, Format Version 12.00
Project("{FAE04EC0-301F-11D3-BF4B-00C04F79EFBC}") = "PushoverConsole", "PushoverConsole\PushoverConsole.csproj", "{70DC7538-5E99-471F-AC8B-047A40227F39}"
EndProject
Project("{FAE04EC0-301F-11D3-BF4B-00C04F79EFBC}") = "PushoverAltair", "PushoverAltair\PushoverAltair.csproj", "{FF3ECF07-71C7-4ADE-BCEE-BEB75BF21A1C}"
EndProject
Global
	GlobalSection(SolutionConfigurationPlatforms) = preSolution
		Debug|Any CPU = Debug|Any CPU
		Release|Any CPU = Release|Any CPU
	EndGlobalSection
	GlobalSection(ProjectConfigurationPlatforms) = postSolution
		{70DC7538-5E99-471F-AC8B-047A40227F39}.Debug|Any CPU.ActiveCfg = Debug|Any CPU
		{70DC7538-5E99-471F-AC8B-047A40227F39}.Debug|Any CPU.Build.0 = Debug|Any CPU
		{70DC7538-5E99-471F-AC8B-047A40227F39}.Release|Any CPU.ActiveCfg = Release|Any CPU
		{70DC7538-5E99-471F-AC8B-047A40227F39}.Release|Any CPU.Build.0 = Release|Any CPU
		{FF3ECF07-71C7-4ADE-BCEE-BEB75BF21A1C}.Debug|Any CPU.ActiveCfg = Debug|Any CPU
		{FF3ECF07-71C7-4ADE-BCEE-BEB75BF21A1C}.Debug|Any CPU.Build.0 = Debug|Any CPU
		{FF3ECF07-71C7-4ADE-BCEE-BEB75BF21A1C}.Release|Any CPU.ActiveCfg = Release|Any CPU
		{FF3ECF07-71C7-4ADE-BCEE-BEB75BF21A1C}.Release|Any CPU.Build.0 = Release|Any CPU
	EndGlobalSection
EndGlobal
